
Microsoft Visual Studio Solution File, Format Version 12.00
Project("{FAE04EC0-301F-11D3-BF4B-00C04F79EFBC}") = "Ahead.Web", "Ahead.Web\Ahead.Web.csproj", "{A125C0AB-F52C-40D3-8376-39E29D36385E}"
EndProject
Project("{FAE04EC0-301F-11D3-BF4B-00C04F79EFBC}") = "AppHost", "AppHost\AppHost.csproj", "{D39029EA-790F-433A-9FAB-C5B180BB0ABB}"
EndProject
Project("{FAE04EC0-301F-11D3-BF4B-00C04F79EFBC}") = "Ahead.Backend", "Ahead.Backend\Ahead.Backend.csproj", "{E6529A0B-45AF-4020-9459-C64BC154E2AA}"
EndProject
Project("{FAE04EC0-301F-11D3-BF4B-00C04F79EFBC}") = "Ahead.Common", "Ahead.Common\Ahead.Common.csproj", "{5095F26B-A866-43A1-9112-8CBDF8824031}"
EndProject
Project("{FAE04EC0-301F-11D3-BF4B-00C04F79EFBC}") = "Tests", "Tests\Tests.csproj", "{4624DD5A-AC7B-4FBC-B6BC-6CA14D59B812}"
EndProject
Project("{2150E333-8FDC-42A3-9474-1A3956D46DE8}") = "Support", "Support", "{31DD33EB-1A6D-45EF-B41C-629EFA7A1775}"
EndProject
Global
	GlobalSection(SolutionConfigurationPlatforms) = preSolution
		Debug|Any CPU = Debug|Any CPU
		Release|Any CPU = Release|Any CPU
	EndGlobalSection
	GlobalSection(ProjectConfigurationPlatforms) = postSolution
		{A125C0AB-F52C-40D3-8376-39E29D36385E}.Debug|Any CPU.ActiveCfg = Debug|Any CPU
		{A125C0AB-F52C-40D3-8376-39E29D36385E}.Debug|Any CPU.Build.0 = Debug|Any CPU
		{A125C0AB-F52C-40D3-8376-39E29D36385E}.Release|Any CPU.ActiveCfg = Release|Any CPU
		{A125C0AB-F52C-40D3-8376-39E29D36385E}.Release|Any CPU.Build.0 = Release|Any CPU
		{D39029EA-790F-433A-9FAB-C5B180BB0ABB}.Debug|Any CPU.ActiveCfg = Debug|Any CPU
		{D39029EA-790F-433A-9FAB-C5B180BB0ABB}.Debug|Any CPU.Build.0 = Debug|Any CPU
		{D39029EA-790F-433A-9FAB-C5B180BB0ABB}.Release|Any CPU.ActiveCfg = Release|Any CPU
		{D39029EA-790F-433A-9FAB-C5B180BB0ABB}.Release|Any CPU.Build.0 = Release|Any CPU
		{E6529A0B-45AF-4020-9459-C64BC154E2AA}.Debug|Any CPU.ActiveCfg = Debug|Any CPU
		{E6529A0B-45AF-4020-9459-C64BC154E2AA}.Debug|Any CPU.Build.0 = Debug|Any CPU
		{E6529A0B-45AF-4020-9459-C64BC154E2AA}.Release|Any CPU.ActiveCfg = Release|Any CPU
		{E6529A0B-45AF-4020-9459-C64BC154E2AA}.Release|Any CPU.Build.0 = Release|Any CPU
		{5095F26B-A866-43A1-9112-8CBDF8824031}.Debug|Any CPU.ActiveCfg = Debug|Any CPU
		{5095F26B-A866-43A1-9112-8CBDF8824031}.Debug|Any CPU.Build.0 = Debug|Any CPU
		{5095F26B-A866-43A1-9112-8CBDF8824031}.Release|Any CPU.ActiveCfg = Release|Any CPU
		{5095F26B-A866-43A1-9112-8CBDF8824031}.Release|Any CPU.Build.0 = Release|Any CPU
		{4624DD5A-AC7B-4FBC-B6BC-6CA14D59B812}.Debug|Any CPU.ActiveCfg = Debug|Any CPU
		{4624DD5A-AC7B-4FBC-B6BC-6CA14D59B812}.Debug|Any CPU.Build.0 = Debug|Any CPU
		{4624DD5A-AC7B-4FBC-B6BC-6CA14D59B812}.Release|Any CPU.ActiveCfg = Release|Any CPU
		{4624DD5A-AC7B-4FBC-B6BC-6CA14D59B812}.Release|Any CPU.Build.0 = Release|Any CPU
	EndGlobalSection
	GlobalSection(NestedProjects) = preSolution
		{5095F26B-A866-43A1-9112-8CBDF8824031} = {31DD33EB-1A6D-45EF-B41C-629EFA7A1775}
		{4624DD5A-AC7B-4FBC-B6BC-6CA14D59B812} = {31DD33EB-1A6D-45EF-B41C-629EFA7A1775}
	EndGlobalSection
EndGlobal
